// !$*UTF8*$!
{
	archiveVersion = 1;
	classes = {
	};
	objectVersion = 46;
	objects = {

/* Begin PBXBuildFile section */
		B423CA561AEEF3F400CBDEA3 /* main.m in Sources */ = {isa = PBXBuildFile; fileRef = B423CA551AEEF3F400CBDEA3 /* main.m */; };
		B423CA591AEEF3F400CBDEA3 /* AppDelegate.m in Sources */ = {isa = PBXBuildFile; fileRef = B423CA581AEEF3F400CBDEA3 /* AppDelegate.m */; };
		B423CA5F1AEEF3F400CBDEA3 /* Main.storyboard in Resources */ = {isa = PBXBuildFile; fileRef = B423CA5D1AEEF3F400CBDEA3 /* Main.storyboard */; };
		B423CA611AEEF3F400CBDEA3 /* Images.xcassets in Resources */ = {isa = PBXBuildFile; fileRef = B423CA601AEEF3F400CBDEA3 /* Images.xcassets */; };
		B423CA641AEEF3F400CBDEA3 /* LaunchScreen.xib in Resources */ = {isa = PBXBuildFile; fileRef = B423CA621AEEF3F400CBDEA3 /* LaunchScreen.xib */; };
		B423CA701AEEF3F400CBDEA3 /* TableChallenge1Tests.m in Sources */ = {isa = PBXBuildFile; fileRef = B423CA6F1AEEF3F400CBDEA3 /* TableChallenge1Tests.m */; };
		B423CA7B1AEF0CEB00CBDEA3 /* TableChallenge.m in Sources */ = {isa = PBXBuildFile; fileRef = B423CA7A1AEF0CEB00CBDEA3 /* TableChallenge.m */; };
/* End PBXBuildFile section */

/* Begin PBXContainerItemProxy section */
		B423CA6A1AEEF3F400CBDEA3 /* PBXContainerItemProxy */ = {
			isa = PBXContainerItemProxy;
			containerPortal = B423CA481AEEF3F400CBDEA3 /* Project object */;
			proxyType = 1;
			remoteGlobalIDString = B423CA4F1AEEF3F400CBDEA3;
			remoteInfo = TableChallenge1;
		};
/* End PBXContainerItemProxy section */

/* Begin PBXFileReference section */
		B423CA501AEEF3F400CBDEA3 /* TableChallenge1.app */ = {isa = PBXFileReference; explicitFileType = wrapper.application; includeInIndex = 0; path = TableChallenge1.app; sourceTree = BUILT_PRODUCTS_DIR; };
		B423CA541AEEF3F400CBDEA3 /* Info.plist */ = {isa = PBXFileReference; lastKnownFileType = text.plist.xml; path = Info.plist; sourceTree = "<group>"; };
		B423CA551AEEF3F400CBDEA3 /* main.m */ = {isa = PBXFileReference; lastKnownFileType = sourcecode.c.objc; path = main.m; sourceTree = "<group>"; };
		B423CA571AEEF3F400CBDEA3 /* AppDelegate.h */ = {isa = PBXFileReference; lastKnownFileType = sourcecode.c.h; path = AppDelegate.h; sourceTree = "<group>"; };
		B423CA581AEEF3F400CBDEA3 /* AppDelegate.m */ = {isa = PBXFileReference; lastKnownFileType = sourcecode.c.objc; path = AppDelegate.m; sourceTree = "<group>"; };
		B423CA5E1AEEF3F400CBDEA3 /* Base */ = {isa = PBXFileReference; lastKnownFileType = file.storyboard; name = Base; path = Base.lproj/Main.storyboard; sourceTree = "<group>"; };
		B423CA601AEEF3F400CBDEA3 /* Images.xcassets */ = {isa = PBXFileReference; lastKnownFileType = folder.assetcatalog; path = Images.xcassets; sourceTree = "<group>"; };
		B423CA631AEEF3F400CBDEA3 /* Base */ = {isa = PBXFileReference; lastKnownFileType = file.xib; name = Base; path = Base.lproj/LaunchScreen.xib; sourceTree = "<group>"; };
		B423CA691AEEF3F400CBDEA3 /* TableChallenge1Tests.xctest */ = {isa = PBXFileReference; explicitFileType = wrapper.cfbundle; includeInIndex = 0; path = TableChallenge1Tests.xctest; sourceTree = BUILT_PRODUCTS_DIR; };
		B423CA6E1AEEF3F400CBDEA3 /* Info.plist */ = {isa = PBXFileReference; lastKnownFileType = text.plist.xml; path = Info.plist; sourceTree = "<group>"; };
		B423CA6F1AEEF3F400CBDEA3 /* TableChallenge1Tests.m */ = {isa = PBXFileReference; lastKnownFileType = sourcecode.c.objc; path = TableChallenge1Tests.m; sourceTree = "<group>"; };
		B423CA791AEF0CEB00CBDEA3 /* TableChallenge.h */ = {isa = PBXFileReference; fileEncoding = 4; lastKnownFileType = sourcecode.c.h; name = TableChallenge.h; path = ../TableChallenge.h; sourceTree = "<group>"; };
		B423CA7A1AEF0CEB00CBDEA3 /* TableChallenge.m */ = {isa = PBXFileReference; fileEncoding = 4; lastKnownFileType = sourcecode.c.objc; name = TableChallenge.m; path = ../TableChallenge.m; sourceTree = "<group>"; };
/* End PBXFileReference section */

/* Begin PBXFrameworksBuildPhase section */
		B423CA4D1AEEF3F400CBDEA3 /* Frameworks */ = {
			isa = PBXFrameworksBuildPhase;
			buildActionMask = 2147483647;
			files = (
			);
			runOnlyForDeploymentPostprocessing = 0;
		};
		B423CA661AEEF3F400CBDEA3 /* Frameworks */ = {
			isa = PBXFrameworksBuildPhase;
			buildActionMask = 2147483647;
			files = (
			);
			runOnlyForDeploymentPostprocessing = 0;
		};
/* End PBXFrameworksBuildPhase section */

/* Begin PBXGroup section */
		B423CA471AEEF3F400CBDEA3 = {
			isa = PBXGroup;
			children = (
				B423CA521AEEF3F400CBDEA3 /* TableChallenge1 */,
				B423CA6C1AEEF3F400CBDEA3 /* TableChallenge1Tests */,
				B423CA511AEEF3F400CBDEA3 /* Products */,
			);
			sourceTree = "<group>";
		};
		B423CA511AEEF3F400CBDEA3 /* Products */ = {
			isa = PBXGroup;
			children = (
				B423CA501AEEF3F400CBDEA3 /* TableChallenge1.app */,
				B423CA691AEEF3F400CBDEA3 /* TableChallenge1Tests.xctest */,
			);
			name = Products;
			sourceTree = "<group>";
		};
		B423CA521AEEF3F400CBDEA3 /* TableChallenge1 */ = {
			isa = PBXGroup;
			children = (
				B423CA571AEEF3F400CBDEA3 /* AppDelegate.h */,
				B423CA581AEEF3F400CBDEA3 /* AppDelegate.m */,
				B423CA791AEF0CEB00CBDEA3 /* TableChallenge.h */,
				B423CA7A1AEF0CEB00CBDEA3 /* TableChallenge.m */,
				B423CA5D1AEEF3F400CBDEA3 /* Main.storyboard */,
				B423CA601AEEF3F400CBDEA3 /* Images.xcassets */,
				B423CA621AEEF3F400CBDEA3 /* LaunchScreen.xib */,
				B423CA531AEEF3F400CBDEA3 /* Supporting Files */,
			);
			path = TableChallenge1;
			sourceTree = "<group>";
		};
		B423CA531AEEF3F400CBDEA3 /* Supporting Files */ = {
			isa = PBXGroup;
			children = (
				B423CA541AEEF3F400CBDEA3 /* Info.plist */,
				B423CA551AEEF3F400CBDEA3 /* main.m */,
			);
			name = "Supporting Files";
			sourceTree = "<group>";
		};
		B423CA6C1AEEF3F400CBDEA3 /* TableChallenge1Tests */ = {
			isa = PBXGroup;
			children = (
				B423CA6F1AEEF3F400CBDEA3 /* TableChallenge1Tests.m */,
				B423CA6D1AEEF3F400CBDEA3 /* Supporting Files */,
			);
			path = TableChallenge1Tests;
			sourceTree = "<group>";
		};
		B423CA6D1AEEF3F400CBDEA3 /* Supporting Files */ = {
			isa = PBXGroup;
			children = (
				B423CA6E1AEEF3F400CBDEA3 /* Info.plist */,
			);
			name = "Supporting Files";
			sourceTree = "<group>";
		};
/* End PBXGroup section */

/* Begin PBXNativeTarget section */
		B423CA4F1AEEF3F400CBDEA3 /* TableChallenge1 */ = {
			isa = PBXNativeTarget;
			buildConfigurationList = B423CA731AEEF3F400CBDEA3 /* Build configuration list for PBXNativeTarget "TableChallenge1" */;
			buildPhases = (
				B423CA4C1AEEF3F400CBDEA3 /* Sources */,
				B423CA4D1AEEF3F400CBDEA3 /* Frameworks */,
				B423CA4E1AEEF3F400CBDEA3 /* Resources */,
			);
			buildRules = (
			);
			dependencies = (
			);
			name = TableChallenge1;
			productName = TableChallenge1;
			productReference = B423CA501AEEF3F400CBDEA3 /* TableChallenge1.app */;
			productType = "com.apple.product-type.application";
		};
		B423CA681AEEF3F400CBDEA3 /* TableChallenge1Tests */ = {
			isa = PBXNativeTarget;
			buildConfigurationList = B423CA761AEEF3F400CBDEA3 /* Build configuration list for PBXNativeTarget "TableChallenge1Tests" */;
			buildPhases = (
				B423CA651AEEF3F400CBDEA3 /* Sources */,
				B423CA661AEEF3F400CBDEA3 /* Frameworks */,
				B423CA671AEEF3F400CBDEA3 /* Resources */,
			);
			buildRules = (
			);
			dependencies = (
				B423CA6B1AEEF3F400CBDEA3 /* PBXTargetDependency */,
			);
			name = TableChallenge1Tests;
			productName = TableChallenge1Tests;
			productReference = B423CA691AEEF3F400CBDEA3 /* TableChallenge1Tests.xctest */;
			productType = "com.apple.product-type.bundle.unit-test";
		};
/* End PBXNativeTarget section */

/* Begin PBXProject section */
		B423CA481AEEF3F400CBDEA3 /* Project object */ = {
			isa = PBXProject;
			attributes = {
				LastUpgradeCheck = 0620;
				ORGANIZATIONNAME = SJSU;
				TargetAttributes = {
					B423CA4F1AEEF3F400CBDEA3 = {
						CreatedOnToolsVersion = 6.2;
					};
					B423CA681AEEF3F400CBDEA3 = {
						CreatedOnToolsVersion = 6.2;
						TestTargetID = B423CA4F1AEEF3F400CBDEA3;
					};
				};
			};
			buildConfigurationList = B423CA4B1AEEF3F400CBDEA3 /* Build configuration list for PBXProject "TableChallenge1" */;
			compatibilityVersion = "Xcode 3.2";
			developmentRegion = English;
			hasScannedForEncodings = 0;
			knownRegions = (
				en,
				Base,
			);
			mainGroup = B423CA471AEEF3F400CBDEA3;
			productRefGroup = B423CA511AEEF3F400CBDEA3 /* Products */;
			projectDirPath = "";
			projectRoot = "";
			targets = (
				B423CA4F1AEEF3F400CBDEA3 /* TableChallenge1 */,
				B423CA681AEEF3F400CBDEA3 /* TableChallenge1Tests */,
			);
		};
/* End PBXProject section */

/* Begin PBXResourcesBuildPhase section */
		B423CA4E1AEEF3F400CBDEA3 /* Resources */ = {
			isa = PBXResourcesBuildPhase;
			buildActionMask = 2147483647;
			files = (
				B423CA5F1AEEF3F400CBDEA3 /* Main.storyboard in Resources */,
				B423CA641AEEF3F400CBDEA3 /* LaunchScreen.xib in Resources */,
				B423CA611AEEF3F400CBDEA3 /* Images.xcassets in Resources */,
			);
			runOnlyForDeploymentPostprocessing = 0;
		};
		B423CA671AEEF3F400CBDEA3 /* Resources */ = {
			isa = PBXResourcesBuildPhase;
			buildActionMask = 2147483647;
			files = (
			);
			runOnlyForDeploymentPostprocessing = 0;
		};
/* End PBXResourcesBuildPhase section */

/* Begin PBXSourcesBuildPhase section */
		B423CA4C1AEEF3F400CBDEA3 /* Sources */ = {
			isa = PBXSourcesBuildPhase;
			buildActionMask = 2147483647;
			files = (
				B423CA591AEEF3F400CBDEA3 /* AppDelegate.m in Sources */,
				B423CA561AEEF3F400CBDEA3 /* main.m in Sources */,
				B423CA7B1AEF0CEB00CBDEA3 /* TableChallenge.m in Sources */,
			);
			runOnlyForDeploymentPostprocessing = 0;
		};
		B423CA651AEEF3F400CBDEA3 /* Sources */ = {
			isa = PBXSourcesBuildPhase;
			buildActionMask = 2147483647;
			files = (
				B423CA701AEEF3F400CBDEA3 /* TableChallenge1Tests.m in Sources */,
			);
			runOnlyForDeploymentPostprocessing = 0;
		};
/* End PBXSourcesBuildPhase section */

/* Begin PBXTargetDependency section */
		B423CA6B1AEEF3F400CBDEA3 /* PBXTargetDependency */ = {
			isa = PBXTargetDependency;
			target = B423CA4F1AEEF3F400CBDEA3 /* TableChallenge1 */;
			targetProxy = B423CA6A1AEEF3F400CBDEA3 /* PBXContainerItemProxy */;
		};
/* End PBXTargetDependency section */

/* Begin PBXVariantGroup section */
		B423CA5D1AEEF3F400CBDEA3 /* Main.storyboard */ = {
			isa = PBXVariantGroup;
			children = (
				B423CA5E1AEEF3F400CBDEA3 /* Base */,
			);
			name = Main.storyboard;
			sourceTree = "<group>";
		};
		B423CA621AEEF3F400CBDEA3 /* LaunchScreen.xib */ = {
			isa = PBXVariantGroup;
			children = (
				B423CA631AEEF3F400CBDEA3 /* Base */,
			);
			name = LaunchScreen.xib;
			sourceTree = "<group>";
		};
/* End PBXVariantGroup section */

/* Begin XCBuildConfiguration section */
		B423CA711AEEF3F400CBDEA3 /* Debug */ = {
			isa = XCBuildConfiguration;
			buildSettings = {
				ALWAYS_SEARCH_USER_PATHS = NO;
				CLANG_CXX_LANGUAGE_STANDARD = "gnu++0x";
				CLANG_CXX_LIBRARY = "libc++";
				CLANG_ENABLE_MODULES = YES;
				CLANG_ENABLE_OBJC_ARC = YES;
				CLANG_WARN_BOOL_CONVERSION = YES;
				CLANG_WARN_CONSTANT_CONVERSION = YES;
				CLANG_WARN_DIRECT_OBJC_ISA_USAGE = YES_ERROR;
				CLANG_WARN_EMPTY_BODY = YES;
				CLANG_WARN_ENUM_CONVERSION = YES;
				CLANG_WARN_INT_CONVERSION = YES;
				CLANG_WARN_OBJC_ROOT_CLASS = YES_ERROR;
				CLANG_WARN_UNREACHABLE_CODE = YES;
				CLANG_WARN__DUPLICATE_METHOD_MATCH = YES;
				"CODE_SIGN_IDENTITY[sdk=iphoneos*]" = "iPhone Developer";
				COPY_PHASE_STRIP = NO;
				ENABLE_STRICT_OBJC_MSGSEND = YES;
				GCC_C_LANGUAGE_STANDARD = gnu99;
				GCC_DYNAMIC_NO_PIC = NO;
				GCC_OPTIMIZATION_LEVEL = 0;
				GCC_PREPROCESSOR_DEFINITIONS = (
					"DEBUG=1",
					"$(inherited)",
				);
				GCC_SYMBOLS_PRIVATE_EXTERN = NO;
				GCC_WARN_64_TO_32_BIT_CONVERSION = YES;
				GCC_WARN_ABOUT_RETURN_TYPE = YES_ERROR;
				GCC_WARN_UNDECLARED_SELECTOR = YES;
				GCC_WARN_UNINITIALIZED_AUTOS = YES_AGGRESSIVE;
				GCC_WARN_UNUSED_FUNCTION = YES;
				GCC_WARN_UNUSED_VARIABLE = YES;
				IPHONEOS_DEPLOYMENT_TARGET = 8.2;
				MTL_ENABLE_DEBUG_INFO = YES;
				ONLY_ACTIVE_ARCH = YES;
				SDKROOT = iphoneos;
			};
			name = Debug;
		};
		B423CA721AEEF3F400CBDEA3 /* Release */ = {
			isa = XCBuildConfiguration;
			buildSettings = {
				ALWAYS_SEARCH_USER_PATHS = NO;
				CLANG_CXX_LANGUAGE_STANDARD = "gnu++0x";
				CLANG_CXX_LIBRARY = "libc++";
				CLANG_ENABLE_MODULES = YES;
				CLANG_ENABLE_OBJC_ARC = YES;
				CLANG_WARN_BOOL_CONVERSION = YES;
				CLANG_WARN_CONSTANT_CONVERSION = YES;
				CLANG_WARN_DIRECT_OBJC_ISA_USAGE = YES_ERROR;
				CLANG_WARN_EMPTY_BODY = YES;
				CLANG_WARN_ENUM_CONVERSION = YES;
				CLANG_WARN_INT_CONVERSION = YES;
				CLANG_WARN_OBJC_ROOT_CLASS = YES_ERROR;
				CLANG_WARN_UNREACHABLE_CODE = YES;
				CLANG_WARN__DUPLICATE_METHOD_MATCH = YES;
				"CODE_SIGN_IDENTITY[sdk=iphoneos*]" = "iPhone Developer";
				COPY_PHASE_STRIP = NO;
				ENABLE_NS_ASSERTIONS = NO;
				ENABLE_STRICT_OBJC_MSGSEND = YES;
				GCC_C_LANGUAGE_STANDARD = gnu99;
				GCC_WARN_64_TO_32_BIT_CONVERSION = YES;
				GCC_WARN_ABOUT_RETURN_TYPE = YES_ERROR;
				GCC_WARN_UNDECLARED_SELECTOR = YES;
				GCC_WARN_UNINITIALIZED_AUTOS = YES_AGGRESSIVE;
				GCC_WARN_UNUSED_FUNCTION = YES;
				GCC_WARN_UNUSED_VARIABLE = YES;
				IPHONEOS_DEPLOYMENT_TARGET = 8.2;
				MTL_ENABLE_DEBUG_INFO = NO;
				SDKROOT = iphoneos;
				VALIDATE_PRODUCT = YES;
			};
			name = Release;
		};
		B423CA741AEEF3F400CBDEA3 /* Debug */ = {
			isa = XCBuildConfiguration;
			buildSettings = {
				ASSETCATALOG_COMPILER_APPICON_NAME = AppIcon;
				INFOPLIST_FILE = TableChallenge1/Info.plist;
				LD_RUNPATH_SEARCH_PATHS = "$(inherited) @executable_path/Frameworks";
				PRODUCT_NAME = "$(TARGET_NAME)";
			};
			name = Debug;
		};
		B423CA751AEEF3F400CBDEA3 /* Release */ = {
			isa = XCBuildConfiguration;
			buildSettings = {
				ASSETCATALOG_COMPILER_APPICON_NAME = AppIcon;
				INFOPLIST_FILE = TableChallenge1/Info.plist;
				LD_RUNPATH_SEARCH_PATHS = "$(inherited) @executable_path/Frameworks";
				PRODUCT_NAME = "$(TARGET_NAME)";
			};
			name = Release;
		};
		B423CA771AEEF3F400CBDEA3 /* Debug */ = {
			isa = XCBuildConfiguration;
			buildSettings = {
				BUNDLE_LOADER = "$(TEST_HOST)";
				FRAMEWORK_SEARCH_PATHS = (
					"$(SDKROOT)/Developer/Library/Frameworks",
					"$(inherited)",
				);
				GCC_PREPROCESSOR_DEFINITIONS = (
					"DEBUG=1",
					"$(inherited)",
				);
				INFOPLIST_FILE = TableChallenge1Tests/Info.plist;
				LD_RUNPATH_SEARCH_PATHS = "$(inherited) @executable_path/Frameworks @loader_path/Frameworks";
				PRODUCT_NAME = "$(TARGET_NAME)";
				TEST_HOST = "$(BUILT_PRODUCTS_DIR)/TableChallenge1.app/TableChallenge1";
			};
			name = Debug;
		};
		B423CA781AEEF3F400CBDEA3 /* Release */ = {
			isa = XCBuildConfiguration;
			buildSettings = {
				BUNDLE_LOADER = "$(TEST_HOST)";
				FRAMEWORK_SEARCH_PATHS = (
					"$(SDKROOT)/Developer/Library/Frameworks",
					"$(inherited)",
				);
				INFOPLIST_FILE = TableChallenge1Tests/Info.plist;
				LD_RUNPATH_SEARCH_PATHS = "$(inherited) @executable_path/Frameworks @loader_path/Frameworks";
				PRODUCT_NAME = "$(TARGET_NAME)";
				TEST_HOST = "$(BUILT_PRODUCTS_DIR)/TableChallenge1.app/TableChallenge1";
			};
			name = Release;
		};
/* End XCBuildConfiguration section */

/* Begin XCConfigurationList section */
		B423CA4B1AEEF3F400CBDEA3 /* Build configuration list for PBXProject "TableChallenge1" */ = {
			isa = XCConfigurationList;
			buildConfigurations = (
				B423CA711AEEF3F400CBDEA3 /* Debug */,
				B423CA721AEEF3F400CBDEA3 /* Release */,
			);
			defaultConfigurationIsVisible = 0;
			defaultConfigurationName = Release;
		};
		B423CA731AEEF3F400CBDEA3 /* Build configuration list for PBXNativeTarget "TableChallenge1" */ = {
			isa = XCConfigurationList;
			buildConfigurations = (
				B423CA741AEEF3F400CBDEA3 /* Debug */,
				B423CA751AEEF3F400CBDEA3 /* Release */,
			);
			defaultConfigurationIsVisible = 0;
		};
		B423CA761AEEF3F400CBDEA3 /* Build configuration list for PBXNativeTarget "TableChallenge1Tests" */ = {
			isa = XCConfigurationList;
			buildConfigurations = (
				B423CA771AEEF3F400CBDEA3 /* Debug */,
				B423CA781AEEF3F400CBDEA3 /* Release */,
			);
			defaultConfigurationIsVisible = 0;
		};
/* End XCConfigurationList section */
	};
	rootObject = B423CA481AEEF3F400CBDEA3 /* Project object */;
}
